Microsoft Visual Studio Solution File, Format Version 12.00
# Visual Studio Version 16
VisualStudioVersion = 16.0.30717.126
MinimumVisualStudioVersion = 10.0.40219.1
Project("{9A19103F-16F7-4668-BE54-9A1E7A4F7556}") = "Restly", "Restly\Restly.csproj", "{29BB7BBE-8E65-4835-9D32-52670BB91D65}"
EndProject
Project("{FAE04EC0-301F-11D3-BF4B-00C04F79EFBC}") = "Restly.Droid", "Droid\Restly.Droid.csproj", "{2DBDBE63-ED9E-4CFC-BE99-10BC1A55EFAF}"
EndProject
Project("{FAE04EC0-301F-11D3-BF4B-00C04F79EFBC}") = "Restly.iOS", "iOS\Restly.iOS.csproj", "{7C44793C-1F23-4610-8D42-4F861BAF34B4}"
EndProject
Global
	GlobalSection(SolutionConfigurationPlatforms) = preSolution
		Debug|Any CPU = Debug|Any CPU
		Debug|iPhone = Debug|iPhone
		Debug|iPhoneSimulator = Debug|iPhoneSimulator
		Release|Any CPU = Release|Any CPU
		Release|iPhone = Release|iPhone
		Release|iPhoneSimulator = Release|iPhoneSimulator
	EndGlobalSection
	GlobalSection(ProjectConfigurationPlatforms) = postSolution
		{29BB7BBE-8E65-4835-9D32-52670BB91D65}.Debug|Any CPU.ActiveCfg = Debug|Any CPU
		{29BB7BBE-8E65-4835-9D32-52670BB91D65}.Debug|Any CPU.Build.0 = Debug|Any CPU
		{29BB7BBE-8E65-4835-9D32-52670BB91D65}.Debug|iPhone.ActiveCfg = Debug|Any CPU
		{29BB7BBE-8E65-4835-9D32-52670BB91D65}.Debug|iPhone.Build.0 = Debug|Any CPU
		{29BB7BBE-8E65-4835-9D32-52670BB91D65}.Debug|iPhoneSimulator.ActiveCfg = Debug|Any CPU
		{29BB7BBE-8E65-4835-9D32-52670BB91D65}.Debug|iPhoneSimulator.Build.0 = Debug|Any CPU
		{29BB7BBE-8E65-4835-9D32-52670BB91D65}.Release|Any CPU.ActiveCfg = Release|Any CPU
		{29BB7BBE-8E65-4835-9D32-52670BB91D65}.Release|Any CPU.Build.0 = Release|Any CPU
		{29BB7BBE-8E65-4835-9D32-52670BB91D65}.Release|iPhone.ActiveCfg = Release|Any CPU
		{29BB7BBE-8E65-4835-9D32-52670BB91D65}.Release|iPhone.Build.0 = Release|Any CPU
		{29BB7BBE-8E65-4835-9D32-52670BB91D65}.Release|iPhoneSimulator.ActiveCfg = Release|Any CPU
		{29BB7BBE-8E65-4835-9D32-52670BB91D65}.Release|iPhoneSimulator.Build.0 = Release|Any CPU
		{2DBDBE63-ED9E-4CFC-BE99-10BC1A55EFAF}.Debug|Any CPU.ActiveCfg = Debug|Any CPU
		{2DBDBE63-ED9E-4CFC-BE99-10BC1A55EFAF}.Debug|Any CPU.Build.0 = Debug|Any CPU
		{2DBDBE63-ED9E-4CFC-BE99-10BC1A55EFAF}.Debug|Any CPU.Deploy.0 = Debug|Any CPU
		{2DBDBE63-ED9E-4CFC-BE99-10BC1A55EFAF}.Debug|iPhone.ActiveCfg = Debug|Any CPU
		{2DBDBE63-ED9E-4CFC-BE99-10BC1A55EFAF}.Debug|iPhone.Build.0 = Debug|Any CPU
		{2DBDBE63-ED9E-4CFC-BE99-10BC1A55EFAF}.Debug|iPhoneSimulator.ActiveCfg = Debug|Any CPU
		{2DBDBE63-ED9E-4CFC-BE99-10BC1A55EFAF}.Debug|iPhoneSimulator.Build.0 = Debug|Any CPU
		{2DBDBE63-ED9E-4CFC-BE99-10BC1A55EFAF}.Release|Any CPU.ActiveCfg = Release|Any CPU
		{2DBDBE63-ED9E-4CFC-BE99-10BC1A55EFAF}.Release|Any CPU.Build.0 = Release|Any CPU
		{2DBDBE63-ED9E-4CFC-BE99-10BC1A55EFAF}.Release|Any CPU.Deploy.0 = Release|Any CPU
		{2DBDBE63-ED9E-4CFC-BE99-10BC1A55EFAF}.Release|iPhone.ActiveCfg = Release|Any CPU
		{2DBDBE63-ED9E-4CFC-BE99-10BC1A55EFAF}.Release|iPhone.Build.0 = Release|Any CPU
		{2DBDBE63-ED9E-4CFC-BE99-10BC1A55EFAF}.Release|iPhoneSimulator.ActiveCfg = Release|Any CPU
		{2DBDBE63-ED9E-4CFC-BE99-10BC1A55EFAF}.Release|iPhoneSimulator.Build.0 = Release|Any CPU
		{7C44793C-1F23-4610-8D42-4F861BAF34B4}.Debug|Any CPU.ActiveCfg = Debug|iPhoneSimulator
		{7C44793C-1F23-4610-8D42-4F861BAF34B4}.Debug|Any CPU.Build.0 = Debug|iPhoneSimulator
		{7C44793C-1F23-4610-8D42-4F861BAF34B4}.Debug|iPhone.ActiveCfg = Debug|iPhone
		{7C44793C-1F23-4610-8D42-4F861BAF34B4}.Debug|iPhone.Build.0 = Debug|iPhone
		{7C44793C-1F23-4610-8D42-4F861BAF34B4}.Debug|iPhoneSimulator.ActiveCfg = Debug|iPhoneSimulator
		{7C44793C-1F23-4610-8D42-4F861BAF34B4}.Debug|iPhoneSimulator.Build.0 = Debug|iPhoneSimulator
		{7C44793C-1F23-4610-8D42-4F861BAF34B4}.Release|Any CPU.ActiveCfg = Release|iPhone
		{7C44793C-1F23-4610-8D42-4F861BAF34B4}.Release|Any CPU.Build.0 = Release|iPhone
		{7C44793C-1F23-4610-8D42-4F861BAF34B4}.Release|iPhone.ActiveCfg = Release|iPhone
		{7C44793C-1F23-4610-8D42-4F861BAF34B4}.Release|iPhone.Build.0 = Release|iPhone
		{7C44793C-1F23-4610-8D42-4F861BAF34B4}.Release|iPhoneSimulator.ActiveCfg = Release|iPhoneSimulator
		{7C44793C-1F23-4610-8D42-4F861BAF34B4}.Release|iPhoneSimulator.Build.0 = Release|iPhoneSimulator
	EndGlobalSection
	GlobalSection(SolutionProperties) = preSolution
		HideSolutionNode = FALSE
	EndGlobalSection
	GlobalSection(ExtensibilityGlobals) = postSolution
		SolutionGuid = {2F747B34-DC79-41FE-8CB8-162EE2147A8B}
	EndGlobalSection
EndGlobal
